
Microsoft Visual Studio Solution File, Format Version 12.00
# Visual Studio 2013
VisualStudioVersion = 12.0.40629.0
MinimumVisualStudioVersion = 10.0.40219.1
Project("{FAE04EC0-301F-11D3-BF4B-00C04F79EFBC}") = "MvcHelpers", "MvcHelpers\MvcHelpers.csproj", "{B3FB32D0-1C78-41D0-8D4D-D66E87C81333}"
EndProject
Project("{2150E333-8FDC-42A3-9474-1A3956D46DE8}") = ".nuget", ".nuget", "{5A526027-05B2-4DCC-B854-1CB24A2A317A}"
	ProjectSection(SolutionItems) = preProject
		.nuget\NuGet.Config = .nuget\NuGet.Config
		.nuget\NuGet.exe = .nuget\NuGet.exe
		.nuget\NuGet.targets = .nuget\NuGet.targets
	EndProjectSection
EndProject
Project("{FAE04EC0-301F-11D3-BF4B-00C04F79EFBC}") = "MyApp.Mvc", "MyApp.Mvc\MyApp.Mvc.csproj", "{F759962A-21A1-4D7B-9F71-330F6D1A56A6}"
EndProject
Global
	GlobalSection(SolutionConfigurationPlatforms) = preSolution
		Debug|Any CPU = Debug|Any CPU
		Release|Any CPU = Release|Any CPU
	EndGlobalSection
	GlobalSection(ProjectConfigurationPlatforms) = postSolution
		{B3FB32D0-1C78-41D0-8D4D-D66E87C81333}.Debug|Any CPU.ActiveCfg = Debug|Any CPU
		{B3FB32D0-1C78-41D0-8D4D-D66E87C81333}.Debug|Any CPU.Build.0 = Debug|Any CPU
		{B3FB32D0-1C78-41D0-8D4D-D66E87C81333}.Release|Any CPU.ActiveCfg = Release|Any CPU
		{B3FB32D0-1C78-41D0-8D4D-D66E87C81333}.Release|Any CPU.Build.0 = Release|Any CPU
		{F759962A-21A1-4D7B-9F71-330F6D1A56A6}.Debug|Any CPU.ActiveCfg = Debug|Any CPU
		{F759962A-21A1-4D7B-9F71-330F6D1A56A6}.Debug|Any CPU.Build.0 = Debug|Any CPU
		{F759962A-21A1-4D7B-9F71-330F6D1A56A6}.Release|Any CPU.ActiveCfg = Release|Any CPU
		{F759962A-21A1-4D7B-9F71-330F6D1A56A6}.Release|Any CPU.Build.0 = Release|Any CPU
	EndGlobalSection
	GlobalSection(SolutionProperties) = preSolution
		HideSolutionNode = FALSE
	EndGlobalSection
EndGlobal
